
Microsoft Visual Studio Solution File, Format Version 12.00
# Visual Studio Version 17
VisualStudioVersion = 17.2.32630.192
MinimumVisualStudioVersion = 10.0.40219.1
Project("{9A19103F-16F7-4668-BE54-9A1E7A4F7556}") = "Array_Dynamic", "Array_Dynamic\Array_Dynamic.csproj", "{89541533-AD1A-4E56-A5BE-25AF49639A53}"
EndProject
Project("{9A19103F-16F7-4668-BE54-9A1E7A4F7556}") = "Array_Dynamic_Collection", "Array_Dynamic_Collection\Array_Dynamic_Collection.csproj", "{AD124D7F-D495-40BF-A27A-7637F9C942A5}"
EndProject
Project("{9A19103F-16F7-4668-BE54-9A1E7A4F7556}") = "OODesign", "OODesign\OODesign.csproj", "{53C2602A-9AA1-4E0B-B403-1B7DA50222F5}"
EndProject
Project("{2150E333-8FDC-42A3-9474-1A3956D46DE8}") = "Exception Handling", "Exception Handling", "{EEE4C1C4-52F6-4833-B2B6-0729AD3E6835}"
EndProject
Project("{9A19103F-16F7-4668-BE54-9A1E7A4F7556}") = "Lab 1", "Lab 1\Lab 1.csproj", "{0C17C4FA-EC66-4DCE-8E40-740CDCA300E4}"
EndProject
Project("{9A19103F-16F7-4668-BE54-9A1E7A4F7556}") = "ClassLibrary", "ClassLibrary\ClassLibrary.csproj", "{C56C0C35-7F59-4E00-B0E0-3392D1EAE030}"
EndProject
Project("{2150E333-8FDC-42A3-9474-1A3956D46DE8}") = "Simple Calculator", "Simple Calculator", "{20BDA178-3B4B-4E01-9E0D-E6A46064D9FA}"
EndProject
Project("{9A19103F-16F7-4668-BE54-9A1E7A4F7556}") = "Calculator", "Calculator\Calculator.csproj", "{9CA31DF6-EE00-4C85-861E-830A0CC1770C}"
EndProject
Project("{9A19103F-16F7-4668-BE54-9A1E7A4F7556}") = "SimpleMathLibrary", "SimpleMathLibrary\SimpleMathLibrary.csproj", "{DB47AB1C-F793-4A4F-981D-5163E7373D56}"
EndProject
Project("{9A19103F-16F7-4668-BE54-9A1E7A4F7556}") = "SimpleMathDataLayer", "SimpleMathDataLayer\SimpleMathDataLayer.csproj", "{1B7191CB-2E4D-42B0-B31C-653DD0DA5073}"
EndProject
Project("{2150E333-8FDC-42A3-9474-1A3956D46DE8}") = "Bank", "Bank", "{1254CC84-7C75-4C1A-BDC9-6FD0ADDEEFDA}"
EndProject
Project("{9A19103F-16F7-4668-BE54-9A1E7A4F7556}") = "SavingBank", "SavingBank\SavingBank.csproj", "{4CC16233-00E1-4BD7-BFFB-F95593364F6A}"
EndProject
Project("{9A19103F-16F7-4668-BE54-9A1E7A4F7556}") = "AccountManagerLibrary", "AccountManagerLibrary\AccountManagerLibrary.csproj", "{CC3D3252-5761-41F0-97B2-99DCEDA08F43}"
EndProject
Project("{2150E333-8FDC-42A3-9474-1A3956D46DE8}") = "Delegates-Event-Lamdas", "Delegates-Event-Lamdas", "{09836DBF-5FE6-47BD-BE0E-7C5685030219}"
EndProject
Project("{9A19103F-16F7-4668-BE54-9A1E7A4F7556}") = "DelegatesDemo1", "DelegatesDemo1\DelegatesDemo1.csproj", "{BEAF3032-6BF4-4668-B4A2-A98DA2A15BDD}"
EndProject
Project("{9A19103F-16F7-4668-BE54-9A1E7A4F7556}") = "DelegatesDemo2", "DelegatesDemo2\DelegatesDemo2.csproj", "{419389DC-3B98-4FF4-A525-06BC8DD7E92F}"
EndProject
Project("{9A19103F-16F7-4668-BE54-9A1E7A4F7556}") = "DelegatesDemo3", "DelegatesDemo3\DelegatesDemo3.csproj", "{ACD0D597-046D-4BFE-9152-81BE5DF4CEF1}"
EndProject
Project("{2150E333-8FDC-42A3-9474-1A3956D46DE8}") = "File IO", "File IO", "{DF1AD291-4951-4F04-A5C7-4EE16FA3D00D}"
EndProject
Project("{9A19103F-16F7-4668-BE54-9A1E7A4F7556}") = "FileIODemo1", "FileIODemo1\FileIODemo1.csproj", "{75238546-D793-4AD6-A073-E6279961295E}"
EndProject
Project("{9A19103F-16F7-4668-BE54-9A1E7A4F7556}") = "FileIODemo2", "FileIODemo2\FileIODemo2.csproj", "{EB0BC91C-1916-4B38-BB06-76380CEBE057}"
EndProject
Project("{9A19103F-16F7-4668-BE54-9A1E7A4F7556}") = "FileIODemo3", "FileIODemo3\FileIODemo3.csproj", "{442BD0CD-79DD-425B-98F7-882BB74059D5}"
EndProject
Project("{2150E333-8FDC-42A3-9474-1A3956D46DE8}") = "MultiThreadingDemos", "MultiThreadingDemos", "{5D386CF9-80E6-4550-9A6A-CA23C8C8584C}"
EndProject
Project("{9A19103F-16F7-4668-BE54-9A1E7A4F7556}") = "MTDemo1", "MTDemo1\MTDemo1.csproj", "{B5A19DCF-C993-48A7-8F72-5DA71C7AA7ED}"
EndProject
Project("{9A19103F-16F7-4668-BE54-9A1E7A4F7556}") = "MTResponsiveWinFormsApp", "MTResponsiveWinFormsApp\MTResponsiveWinFormsApp.csproj", "{CD573919-08D6-4F46-82A2-B41D511BC45C}"
EndProject
Project("{9A19103F-16F7-4668-BE54-9A1E7A4F7556}") = "MTConsoleApp1", "MTConsoleApp1\MTConsoleApp1.csproj", "{ED16CDFC-D91A-4EC0-B0EA-F700B80D9228}"
EndProject
Project("{2150E333-8FDC-42A3-9474-1A3956D46DE8}") = "DBDemos", "DBDemos", "{36132FCC-FB79-4050-927E-52006BC88F22}"
EndProject
Project("{9A19103F-16F7-4668-BE54-9A1E7A4F7556}") = "DBDemo2", "DBDemo2\DBDemo2.csproj", "{27810D8C-4632-44E4-85DC-39F98D616E31}"
EndProject
Project("{2150E333-8FDC-42A3-9474-1A3956D46DE8}") = "LinqDemo", "LinqDemo", "{02A0AC34-8D0C-440D-9305-A37E724D2D6E}"
EndProject
Project("{9A19103F-16F7-4668-BE54-9A1E7A4F7556}") = "LinqDemo1", "LinqDemo1\LinqDemo1.csproj", "{3D6620BF-AB9D-4701-90DF-C9BC60665D6E}"
EndProject
Project("{9A19103F-16F7-4668-BE54-9A1E7A4F7556}") = "LinqDemo2", "LinqDemo2\LinqDemo2.csproj", "{17CD5C42-627E-4163-9A7E-86A3EA83A830}"
EndProject
Project("{9A19103F-16F7-4668-BE54-9A1E7A4F7556}") = "LinqDemo3", "LinqDemo3\LinqDemo3.csproj", "{179EF102-6024-4A72-B36B-B1DDEB284E61}"
EndProject
Project("{9A19103F-16F7-4668-BE54-9A1E7A4F7556}") = "LinqDemo4", "LinqDemo4\LinqDemo4.csproj", "{CDD4B2D4-CD80-4D25-ACAA-B4F53262733E}"
EndProject
Project("{9A19103F-16F7-4668-BE54-9A1E7A4F7556}") = "LinqDemo5", "LinqDemo5\LinqDemo5.csproj", "{24EA75B7-D08E-4BA0-B72D-90B35368A4EC}"
EndProject
Project("{2150E333-8FDC-42A3-9474-1A3956D46DE8}") = "Database Programming using EF", "Database Programming using EF", "{633C5431-1D89-45B6-AA10-FE0A26ED1DC3}"
EndProject
Project("{9A19103F-16F7-4668-BE54-9A1E7A4F7556}") = "EFDemo1", "EFDemo1\EFDemo1.csproj", "{73429F19-D29C-48C4-9DD8-D2AC6D4A6F7E}"
EndProject
Project("{9A19103F-16F7-4668-BE54-9A1E7A4F7556}") = "LinqDemo6", "LinqDemo6\LinqDemo6.csproj", "{C52AC358-3EE0-43A0-AC73-5348F242E6D2}"
EndProject
Project("{2150E333-8FDC-42A3-9474-1A3956D46DE8}") = "NewFolder1", "NewFolder1", "{5C4AF153-4A03-43C9-B1A4-8360FA57B34F}"
EndProject
Project("{9A19103F-16F7-4668-BE54-9A1E7A4F7556}") = "ProductCatalogApp", "ProductCatalogApp\ProductCatalogApp.csproj", "{B756C3F3-F42D-48A0-8915-D3C13A8DD970}"
EndProject
Project("{2150E333-8FDC-42A3-9474-1A3956D46DE8}") = "Design Pattern Lab", "Design Pattern Lab", "{D6588F19-8F83-4699-8CD1-A490236BAFA7}"
EndProject
Project("{9A19103F-16F7-4668-BE54-9A1E7A4F7556}") = "MathProblemOfTwoNumbers", "DesignPatternLab\MathProblemOfTwoNumbers\MathProblemOfTwoNumbers.csproj", "{ECF883AE-EF11-4DA8-80D8-A55EE1F6960D}"
EndProject
Global
	GlobalSection(SolutionConfigurationPlatforms) = preSolution
		Debug|Any CPU = Debug|Any CPU
		Release|Any CPU = Release|Any CPU
	EndGlobalSection
	GlobalSection(ProjectConfigurationPlatforms) = postSolution
		{89541533-AD1A-4E56-A5BE-25AF49639A53}.Debug|Any CPU.ActiveCfg = Debug|Any CPU
		{89541533-AD1A-4E56-A5BE-25AF49639A53}.Debug|Any CPU.Build.0 = Debug|Any CPU
		{89541533-AD1A-4E56-A5BE-25AF49639A53}.Release|Any CPU.ActiveCfg = Release|Any CPU
		{89541533-AD1A-4E56-A5BE-25AF49639A53}.Release|Any CPU.Build.0 = Release|Any CPU
		{AD124D7F-D495-40BF-A27A-7637F9C942A5}.Debug|Any CPU.ActiveCfg = Debug|Any CPU
		{AD124D7F-D495-40BF-A27A-7637F9C942A5}.Debug|Any CPU.Build.0 = Debug|Any CPU
		{AD124D7F-D495-40BF-A27A-7637F9C942A5}.Release|Any CPU.ActiveCfg = Release|Any CPU
		{AD124D7F-D495-40BF-A27A-7637F9C942A5}.Release|Any CPU.Build.0 = Release|Any CPU
		{53C2602A-9AA1-4E0B-B403-1B7DA50222F5}.Debug|Any CPU.ActiveCfg = Debug|Any CPU
		{53C2602A-9AA1-4E0B-B403-1B7DA50222F5}.Debug|Any CPU.Build.0 = Debug|Any CPU
		{53C2602A-9AA1-4E0B-B403-1B7DA50222F5}.Release|Any CPU.ActiveCfg = Release|Any CPU
		{53C2602A-9AA1-4E0B-B403-1B7DA50222F5}.Release|Any CPU.Build.0 = Release|Any CPU
		{0C17C4FA-EC66-4DCE-8E40-740CDCA300E4}.Debug|Any CPU.ActiveCfg = Debug|Any CPU
		{0C17C4FA-EC66-4DCE-8E40-740CDCA300E4}.Debug|Any CPU.Build.0 = Debug|Any CPU
		{0C17C4FA-EC66-4DCE-8E40-740CDCA300E4}.Release|Any CPU.ActiveCfg = Release|Any CPU
		{0C17C4FA-EC66-4DCE-8E40-740CDCA300E4}.Release|Any CPU.Build.0 = Release|Any CPU
		{C56C0C35-7F59-4E00-B0E0-3392D1EAE030}.Debug|Any CPU.ActiveCfg = Debug|Any CPU
		{C56C0C35-7F59-4E00-B0E0-3392D1EAE030}.Debug|Any CPU.Build.0 = Debug|Any CPU
		{C56C0C35-7F59-4E00-B0E0-3392D1EAE030}.Release|Any CPU.ActiveCfg = Release|Any CPU
		{C56C0C35-7F59-4E00-B0E0-3392D1EAE030}.Release|Any CPU.Build.0 = Release|Any CPU
		{9CA31DF6-EE00-4C85-861E-830A0CC1770C}.Debug|Any CPU.ActiveCfg = Debug|Any CPU
		{9CA31DF6-EE00-4C85-861E-830A0CC1770C}.Debug|Any CPU.Build.0 = Debug|Any CPU
		{9CA31DF6-EE00-4C85-861E-830A0CC1770C}.Release|Any CPU.ActiveCfg = Release|Any CPU
		{9CA31DF6-EE00-4C85-861E-830A0CC1770C}.Release|Any CPU.Build.0 = Release|Any CPU
		{DB47AB1C-F793-4A4F-981D-5163E7373D56}.Debug|Any CPU.ActiveCfg = Debug|Any CPU
		{DB47AB1C-F793-4A4F-981D-5163E7373D56}.Debug|Any CPU.Build.0 = Debug|Any CPU
		{DB47AB1C-F793-4A4F-981D-5163E7373D56}.Release|Any CPU.ActiveCfg = Release|Any CPU
		{DB47AB1C-F793-4A4F-981D-5163E7373D56}.Release|Any CPU.Build.0 = Release|Any CPU
		{1B7191CB-2E4D-42B0-B31C-653DD0DA5073}.Debug|Any CPU.ActiveCfg = Debug|Any CPU
		{1B7191CB-2E4D-42B0-B31C-653DD0DA5073}.Debug|Any CPU.Build.0 = Debug|Any CPU
		{1B7191CB-2E4D-42B0-B31C-653DD0DA5073}.Release|Any CPU.ActiveCfg = Release|Any CPU
		{1B7191CB-2E4D-42B0-B31C-653DD0DA5073}.Release|Any CPU.Build.0 = Release|Any CPU
		{4CC16233-00E1-4BD7-BFFB-F95593364F6A}.Debug|Any CPU.ActiveCfg = Debug|Any CPU
		{4CC16233-00E1-4BD7-BFFB-F95593364F6A}.Debug|Any CPU.Build.0 = Debug|Any CPU
		{4CC16233-00E1-4BD7-BFFB-F95593364F6A}.Release|Any CPU.ActiveCfg = Release|Any CPU
		{4CC16233-00E1-4BD7-BFFB-F95593364F6A}.Release|Any CPU.Build.0 = Release|Any CPU
		{CC3D3252-5761-41F0-97B2-99DCEDA08F43}.Debug|Any CPU.ActiveCfg = Debug|Any CPU
		{CC3D3252-5761-41F0-97B2-99DCEDA08F43}.Debug|Any CPU.Build.0 = Debug|Any CPU
		{CC3D3252-5761-41F0-97B2-99DCEDA08F43}.Release|Any CPU.ActiveCfg = Release|Any CPU
		{CC3D3252-5761-41F0-97B2-99DCEDA08F43}.Release|Any CPU.Build.0 = Release|Any CPU
		{BEAF3032-6BF4-4668-B4A2-A98DA2A15BDD}.Debug|Any CPU.ActiveCfg = Debug|Any CPU
		{BEAF3032-6BF4-4668-B4A2-A98DA2A15BDD}.Debug|Any CPU.Build.0 = Debug|Any CPU
		{BEAF3032-6BF4-4668-B4A2-A98DA2A15BDD}.Release|Any CPU.ActiveCfg = Release|Any CPU
		{BEAF3032-6BF4-4668-B4A2-A98DA2A15BDD}.Release|Any CPU.Build.0 = Release|Any CPU
		{419389DC-3B98-4FF4-A525-06BC8DD7E92F}.Debug|Any CPU.ActiveCfg = Debug|Any CPU
		{419389DC-3B98-4FF4-A525-06BC8DD7E92F}.Debug|Any CPU.Build.0 = Debug|Any CPU
		{419389DC-3B98-4FF4-A525-06BC8DD7E92F}.Release|Any CPU.ActiveCfg = Release|Any CPU
		{419389DC-3B98-4FF4-A525-06BC8DD7E92F}.Release|Any CPU.Build.0 = Release|Any CPU
		{ACD0D597-046D-4BFE-9152-81BE5DF4CEF1}.Debug|Any CPU.ActiveCfg = Debug|Any CPU
		{ACD0D597-046D-4BFE-9152-81BE5DF4CEF1}.Debug|Any CPU.Build.0 = Debug|Any CPU
		{ACD0D597-046D-4BFE-9152-81BE5DF4CEF1}.Release|Any CPU.ActiveCfg = Release|Any CPU
		{ACD0D597-046D-4BFE-9152-81BE5DF4CEF1}.Release|Any CPU.Build.0 = Release|Any CPU
		{75238546-D793-4AD6-A073-E6279961295E}.Debug|Any CPU.ActiveCfg = Debug|Any CPU
		{75238546-D793-4AD6-A073-E6279961295E}.Debug|Any CPU.Build.0 = Debug|Any CPU
		{75238546-D793-4AD6-A073-E6279961295E}.Release|Any CPU.ActiveCfg = Release|Any CPU
		{75238546-D793-4AD6-A073-E6279961295E}.Release|Any CPU.Build.0 = Release|Any CPU
		{EB0BC91C-1916-4B38-BB06-76380CEBE057}.Debug|Any CPU.ActiveCfg = Debug|Any CPU
		{EB0BC91C-1916-4B38-BB06-76380CEBE057}.Debug|Any CPU.Build.0 = Debug|Any CPU
		{EB0BC91C-1916-4B38-BB06-76380CEBE057}.Release|Any CPU.ActiveCfg = Release|Any CPU
		{EB0BC91C-1916-4B38-BB06-76380CEBE057}.Release|Any CPU.Build.0 = Release|Any CPU
		{442BD0CD-79DD-425B-98F7-882BB74059D5}.Debug|Any CPU.ActiveCfg = Debug|Any CPU
		{442BD0CD-79DD-425B-98F7-882BB74059D5}.Debug|Any CPU.Build.0 = Debug|Any CPU
		{442BD0CD-79DD-425B-98F7-882BB74059D5}.Release|Any CPU.ActiveCfg = Release|Any CPU
		{442BD0CD-79DD-425B-98F7-882BB74059D5}.Release|Any CPU.Build.0 = Release|Any CPU
		{B5A19DCF-C993-48A7-8F72-5DA71C7AA7ED}.Debug|Any CPU.ActiveCfg = Debug|Any CPU
		{B5A19DCF-C993-48A7-8F72-5DA71C7AA7ED}.Debug|Any CPU.Build.0 = Debug|Any CPU
		{B5A19DCF-C993-48A7-8F72-5DA71C7AA7ED}.Release|Any CPU.ActiveCfg = Release|Any CPU
		{B5A19DCF-C993-48A7-8F72-5DA71C7AA7ED}.Release|Any CPU.Build.0 = Release|Any CPU
		{CD573919-08D6-4F46-82A2-B41D511BC45C}.Debug|Any CPU.ActiveCfg = Debug|Any CPU
		{CD573919-08D6-4F46-82A2-B41D511BC45C}.Debug|Any CPU.Build.0 = Debug|Any CPU
		{CD573919-08D6-4F46-82A2-B41D511BC45C}.Release|Any CPU.ActiveCfg = Release|Any CPU
		{CD573919-08D6-4F46-82A2-B41D511BC45C}.Release|Any CPU.Build.0 = Release|Any CPU
		{ED16CDFC-D91A-4EC0-B0EA-F700B80D9228}.Debug|Any CPU.ActiveCfg = Debug|Any CPU
		{ED16CDFC-D91A-4EC0-B0EA-F700B80D9228}.Debug|Any CPU.Build.0 = Debug|Any CPU
		{ED16CDFC-D91A-4EC0-B0EA-F700B80D9228}.Release|Any CPU.ActiveCfg = Release|Any CPU
		{ED16CDFC-D91A-4EC0-B0EA-F700B80D9228}.Release|Any CPU.Build.0 = Release|Any CPU
		{27810D8C-4632-44E4-85DC-39F98D616E31}.Debug|Any CPU.ActiveCfg = Debug|Any CPU
		{27810D8C-4632-44E4-85DC-39F98D616E31}.Debug|Any CPU.Build.0 = Debug|Any CPU
		{27810D8C-4632-44E4-85DC-39F98D616E31}.Release|Any CPU.ActiveCfg = Release|Any CPU
		{27810D8C-4632-44E4-85DC-39F98D616E31}.Release|Any CPU.Build.0 = Release|Any CPU
		{3D6620BF-AB9D-4701-90DF-C9BC60665D6E}.Debug|Any CPU.ActiveCfg = Debug|Any CPU
		{3D6620BF-AB9D-4701-90DF-C9BC60665D6E}.Debug|Any CPU.Build.0 = Debug|Any CPU
		{3D6620BF-AB9D-4701-90DF-C9BC60665D6E}.Release|Any CPU.ActiveCfg = Release|Any CPU
		{3D6620BF-AB9D-4701-90DF-C9BC60665D6E}.Release|Any CPU.Build.0 = Release|Any CPU
		{17CD5C42-627E-4163-9A7E-86A3EA83A830}.Debug|Any CPU.ActiveCfg = Debug|Any CPU
		{17CD5C42-627E-4163-9A7E-86A3EA83A830}.Debug|Any CPU.Build.0 = Debug|Any CPU
		{17CD5C42-627E-4163-9A7E-86A3EA83A830}.Release|Any CPU.ActiveCfg = Release|Any CPU
		{17CD5C42-627E-4163-9A7E-86A3EA83A830}.Release|Any CPU.Build.0 = Release|Any CPU
		{179EF102-6024-4A72-B36B-B1DDEB284E61}.Debug|Any CPU.ActiveCfg = Debug|Any CPU
		{179EF102-6024-4A72-B36B-B1DDEB284E61}.Debug|Any CPU.Build.0 = Debug|Any CPU
		{179EF102-6024-4A72-B36B-B1DDEB284E61}.Release|Any CPU.ActiveCfg = Release|Any CPU
		{179EF102-6024-4A72-B36B-B1DDEB284E61}.Release|Any CPU.Build.0 = Release|Any CPU
		{CDD4B2D4-CD80-4D25-ACAA-B4F53262733E}.Debug|Any CPU.ActiveCfg = Debug|Any CPU
		{CDD4B2D4-CD80-4D25-ACAA-B4F53262733E}.Debug|Any CPU.Build.0 = Debug|Any CPU
		{CDD4B2D4-CD80-4D25-ACAA-B4F53262733E}.Release|Any CPU.ActiveCfg = Release|Any CPU
		{CDD4B2D4-CD80-4D25-ACAA-B4F53262733E}.Release|Any CPU.Build.0 = Release|Any CPU
		{24EA75B7-D08E-4BA0-B72D-90B35368A4EC}.Debug|Any CPU.ActiveCfg = Debug|Any CPU
		{24EA75B7-D08E-4BA0-B72D-90B35368A4EC}.Debug|Any CPU.Build.0 = Debug|Any CPU
		{24EA75B7-D08E-4BA0-B72D-90B35368A4EC}.Release|Any CPU.ActiveCfg = Release|Any CPU
		{24EA75B7-D08E-4BA0-B72D-90B35368A4EC}.Release|Any CPU.Build.0 = Release|Any CPU
		{73429F19-D29C-48C4-9DD8-D2AC6D4A6F7E}.Debug|Any CPU.ActiveCfg = Debug|Any CPU
		{73429F19-D29C-48C4-9DD8-D2AC6D4A6F7E}.Debug|Any CPU.Build.0 = Debug|Any CPU
		{73429F19-D29C-48C4-9DD8-D2AC6D4A6F7E}.Release|Any CPU.ActiveCfg = Release|Any CPU
		{73429F19-D29C-48C4-9DD8-D2AC6D4A6F7E}.Release|Any CPU.Build.0 = Release|Any CPU
		{C52AC358-3EE0-43A0-AC73-5348F242E6D2}.Debug|Any CPU.ActiveCfg = Debug|Any CPU
		{C52AC358-3EE0-43A0-AC73-5348F242E6D2}.Debug|Any CPU.Build.0 = Debug|Any CPU
		{C52AC358-3EE0-43A0-AC73-5348F242E6D2}.Release|Any CPU.ActiveCfg = Release|Any CPU
		{C52AC358-3EE0-43A0-AC73-5348F242E6D2}.Release|Any CPU.Build.0 = Release|Any CPU
		{B756C3F3-F42D-48A0-8915-D3C13A8DD970}.Debug|Any CPU.ActiveCfg = Debug|Any CPU
		{B756C3F3-F42D-48A0-8915-D3C13A8DD970}.Debug|Any CPU.Build.0 = Debug|Any CPU
		{B756C3F3-F42D-48A0-8915-D3C13A8DD970}.Release|Any CPU.ActiveCfg = Release|Any CPU
		{B756C3F3-F42D-48A0-8915-D3C13A8DD970}.Release|Any CPU.Build.0 = Release|Any CPU
		{ECF883AE-EF11-4DA8-80D8-A55EE1F6960D}.Debug|Any CPU.ActiveCfg = Debug|Any CPU
		{ECF883AE-EF11-4DA8-80D8-A55EE1F6960D}.Debug|Any CPU.Build.0 = Debug|Any CPU
		{ECF883AE-EF11-4DA8-80D8-A55EE1F6960D}.Release|Any CPU.ActiveCfg = Release|Any CPU
		{ECF883AE-EF11-4DA8-80D8-A55EE1F6960D}.Release|Any CPU.Build.0 = Release|Any CPU
	EndGlobalSection
	GlobalSection(SolutionProperties) = preSolution
		HideSolutionNode = FALSE
	EndGlobalSection
	GlobalSection(NestedProjects) = preSolution
		{0C17C4FA-EC66-4DCE-8E40-740CDCA300E4} = {EEE4C1C4-52F6-4833-B2B6-0729AD3E6835}
		{C56C0C35-7F59-4E00-B0E0-3392D1EAE030} = {EEE4C1C4-52F6-4833-B2B6-0729AD3E6835}
		{9CA31DF6-EE00-4C85-861E-830A0CC1770C} = {20BDA178-3B4B-4E01-9E0D-E6A46064D9FA}
		{DB47AB1C-F793-4A4F-981D-5163E7373D56} = {20BDA178-3B4B-4E01-9E0D-E6A46064D9FA}
		{1B7191CB-2E4D-42B0-B31C-653DD0DA5073} = {20BDA178-3B4B-4E01-9E0D-E6A46064D9FA}
		{4CC16233-00E1-4BD7-BFFB-F95593364F6A} = {1254CC84-7C75-4C1A-BDC9-6FD0ADDEEFDA}
		{CC3D3252-5761-41F0-97B2-99DCEDA08F43} = {1254CC84-7C75-4C1A-BDC9-6FD0ADDEEFDA}
		{BEAF3032-6BF4-4668-B4A2-A98DA2A15BDD} = {09836DBF-5FE6-47BD-BE0E-7C5685030219}
		{419389DC-3B98-4FF4-A525-06BC8DD7E92F} = {09836DBF-5FE6-47BD-BE0E-7C5685030219}
		{ACD0D597-046D-4BFE-9152-81BE5DF4CEF1} = {09836DBF-5FE6-47BD-BE0E-7C5685030219}
		{75238546-D793-4AD6-A073-E6279961295E} = {DF1AD291-4951-4F04-A5C7-4EE16FA3D00D}
		{EB0BC91C-1916-4B38-BB06-76380CEBE057} = {DF1AD291-4951-4F04-A5C7-4EE16FA3D00D}
		{442BD0CD-79DD-425B-98F7-882BB74059D5} = {DF1AD291-4951-4F04-A5C7-4EE16FA3D00D}
		{B5A19DCF-C993-48A7-8F72-5DA71C7AA7ED} = {5D386CF9-80E6-4550-9A6A-CA23C8C8584C}
		{CD573919-08D6-4F46-82A2-B41D511BC45C} = {5D386CF9-80E6-4550-9A6A-CA23C8C8584C}
		{ED16CDFC-D91A-4EC0-B0EA-F700B80D9228} = {5D386CF9-80E6-4550-9A6A-CA23C8C8584C}
		{27810D8C-4632-44E4-85DC-39F98D616E31} = {36132FCC-FB79-4050-927E-52006BC88F22}
		{3D6620BF-AB9D-4701-90DF-C9BC60665D6E} = {02A0AC34-8D0C-440D-9305-A37E724D2D6E}
		{17CD5C42-627E-4163-9A7E-86A3EA83A830} = {02A0AC34-8D0C-440D-9305-A37E724D2D6E}
		{179EF102-6024-4A72-B36B-B1DDEB284E61} = {02A0AC34-8D0C-440D-9305-A37E724D2D6E}
		{CDD4B2D4-CD80-4D25-ACAA-B4F53262733E} = {02A0AC34-8D0C-440D-9305-A37E724D2D6E}
		{24EA75B7-D08E-4BA0-B72D-90B35368A4EC} = {02A0AC34-8D0C-440D-9305-A37E724D2D6E}
		{73429F19-D29C-48C4-9DD8-D2AC6D4A6F7E} = {633C5431-1D89-45B6-AA10-FE0A26ED1DC3}
		{C52AC358-3EE0-43A0-AC73-5348F242E6D2} = {02A0AC34-8D0C-440D-9305-A37E724D2D6E}
		{B756C3F3-F42D-48A0-8915-D3C13A8DD970} = {633C5431-1D89-45B6-AA10-FE0A26ED1DC3}
		{ECF883AE-EF11-4DA8-80D8-A55EE1F6960D} = {D6588F19-8F83-4699-8CD1-A490236BAFA7}
	EndGlobalSection
	GlobalSection(ExtensibilityGlobals) = postSolution
		SolutionGuid = {EE2E9F58-7C10-40E0-A01A-30D52B46C384}
	EndGlobalSection
EndGlobal
